
Microsoft Visual Studio Solution File, Format Version 12.00
# Visual Studio Version 16
VisualStudioVersion = 16.0.29613.14
MinimumVisualStudioVersion = 10.0.40219.1
Project("{FAE04EC0-301F-11D3-BF4B-00C04F79EFBC}") = "ExtractMediaFilesExtension", "ExtractMediaFilesExtension\ExtractMediaFilesExtension.csproj", "{61FAFAD7-7E29-41DF-AF85-DEF7BA0AD967}"
EndProject
Project("{FAE04EC0-301F-11D3-BF4B-00C04F79EFBC}") = "DryRun", "DryRun\DryRun.csproj", "{18322D2A-1104-41D7-88DF-2740E52EAEBE}"
EndProject
Global
	GlobalSection(SolutionConfigurationPlatforms) = preSolution
		Debug|Any CPU = Debug|Any CPU
		Release|Any CPU = Release|Any CPU
	EndGlobalSection
	GlobalSection(ProjectConfigurationPlatforms) = postSolution
		{61FAFAD7-7E29-41DF-AF85-DEF7BA0AD967}.Debug|Any CPU.ActiveCfg = Debug|Any CPU
		{61FAFAD7-7E29-41DF-AF85-DEF7BA0AD967}.Debug|Any CPU.Build.0 = Debug|Any CPU
		{61FAFAD7-7E29-41DF-AF85-DEF7BA0AD967}.Release|Any CPU.ActiveCfg = Release|Any CPU
		{61FAFAD7-7E29-41DF-AF85-DEF7BA0AD967}.Release|Any CPU.Build.0 = Release|Any CPU
		{18322D2A-1104-41D7-88DF-2740E52EAEBE}.Debug|Any CPU.ActiveCfg = Debug|Any CPU
		{18322D2A-1104-41D7-88DF-2740E52EAEBE}.Debug|Any CPU.Build.0 = Debug|Any CPU
		{18322D2A-1104-41D7-88DF-2740E52EAEBE}.Release|Any CPU.ActiveCfg = Release|Any CPU
		{18322D2A-1104-41D7-88DF-2740E52EAEBE}.Release|Any CPU.Build.0 = Release|Any CPU
	EndGlobalSection
	GlobalSection(SolutionProperties) = preSolution
		HideSolutionNode = FALSE
	EndGlobalSection
	GlobalSection(ExtensibilityGlobals) = postSolution
		SolutionGuid = {BF08A995-2313-4229-91F7-8B21CB82701D}
	EndGlobalSection
EndGlobal
